PODS:
  - Capacitor (5.1.0):
    - CapacitorCordova
  - CapacitorCamera (5.0.5):
    - Capacitor
  - CapacitorCordova (5.1.0)
  - CapacitorFilesystem (5.0.5):
    - Capacitor
  - CapacitorPreferences (5.0.5):
    - Capacitor

DEPENDENCIES:
  - "Capacitor (from `../../node_modules/@capacitor/ios`)"
  - "CapacitorCamera (from `../../node_modules/@capacitor/camera`)"
  - "CapacitorCordova (from `../../node_modules/@capacitor/ios`)"
  - "CapacitorFilesystem (from `../../node_modules/@capacitor/filesystem`)"
  - "CapacitorPreferences (from `../../node_modules/@capacitor/preferences`)"

EXTERNAL SOURCES:
  Capacitor:
    :path: "../../node_modules/@capacitor/ios"
  CapacitorCamera:
    :path: "../../node_modules/@capacitor/camera"
  CapacitorCordova:
    :path: "../../node_modules/@capacitor/ios"
  CapacitorFilesystem:
    :path: "../../node_modules/@capacitor/filesystem"
  CapacitorPreferences:
    :path: "../../node_modules/@capacitor/preferences"

SPEC CHECKSUMS:
  Capacitor: 8dc4a61c44f6644fe4e0b61ad01ff175f9b538e5
  CapacitorCamera: 834aade2952a06bd1e46c078d1068a980f37f8c9
  CapacitorCordova: 5984fa700842461518ecd320905c7f19ecdd590b
  CapacitorFilesystem: 335bccfc8ebe381c4e9a7328ef1c4dae9035a6fe
  CapacitorPreferences: c4764b0b3beae28c625c87b1a80504d9b24947ec

PODFILE CHECKSUM: 6cffd773e7e6ce540f6a3ec3aa6a2323b8819710

COCOAPODS: 1.12.1
